
Microsoft Visual Studio Solution File, Format Version 12.00
# Visual Studio Version 17
VisualStudioVersion = 17.5.33414.496
MinimumVisualStudioVersion = 10.0.40219.1
Project("{FAE04EC0-301F-11D3-BF4B-00C04F79EFBC}") = "ConsoleApp9", "ConsoleApp9\ConsoleApp9.csproj", "{94664DFF-95D8-4EFA-83E3-165504CF7512}"
EndProject
Global
	GlobalSection(SolutionConfigurationPlatforms) = preSolution
		Debug|Any CPU = Debug|Any CPU
		Release|Any CPU = Release|Any CPU
	EndGlobalSection
	GlobalSection(ProjectConfigurationPlatforms) = postSolution
		{94664DFF-95D8-4EFA-83E3-165504CF7512}.Debug|Any CPU.ActiveCfg = Debug|Any CPU
		{94664DFF-95D8-4EFA-83E3-165504CF7512}.Debug|Any CPU.Build.0 = Debug|Any CPU
		{94664DFF-95D8-4EFA-83E3-165504CF7512}.Release|Any CPU.ActiveCfg = Release|Any CPU
		{94664DFF-95D8-4EFA-83E3-165504CF7512}.Release|Any CPU.Build.0 = Release|Any CPU
	EndGlobalSection
	GlobalSection(SolutionProperties) = preSolution
		HideSolutionNode = FALSE
	EndGlobalSection
	GlobalSection(ExtensibilityGlobals) = postSolution
		SolutionGuid = {BCBD78D2-B143-4085-8CE7-8320602B40F5}
	EndGlobalSection
EndGlobal
